// !$*UTF8*$!
{
	archiveVersion = 1;
	classes = {
	};
	objectVersion = 46;
	objects = {

/* Begin PBXBuildFile section */
		DF1BA7CF1CECB604003081D1 /* WatchKitSample WatchKit Extension.appex in Embed App Extensions */ = {isa = PBXBuildFile; fileRef = DFD14D8C1A279360008CC5B4 /* WatchKitSample WatchKit Extension.appex */; settings = {ATTRIBUTES = (RemoveHeadersOnCopy, ); }; };
		DF1BA7D21CECB604003081D1 /* WatchKitSample Watch App.app in Embed Watch Content */ = {isa = PBXBuildFile; fileRef = DFD14D9A1A279360008CC5B4 /* WatchKitSample Watch App.app */; };
		DF9A70321A28C2A200CD3C96 /* CityRow.m in Sources */ = {isa = PBXBuildFile; fileRef = DF9A70311A28C2A200CD3C96 /* CityRow.m */; };
		DF9A70351A28C2D700CD3C96 /* CityInterfaceController.m in Sources */ = {isa = PBXBuildFile; fileRef = DF9A70341A28C2D700CD3C96 /* CityInterfaceController.m */; };
		DFD14D651A279324008CC5B4 /* main.m in Sources */ = {isa = PBXBuildFile; fileRef = DFD14D641A279324008CC5B4 /* main.m */; };
		DFD14D681A279324008CC5B4 /* AppDelegate.m in Sources */ = {isa = PBXBuildFile; fileRef = DFD14D671A279324008CC5B4 /* AppDelegate.m */; };
		DFD14D6B1A279324008CC5B4 /* ViewController.m in Sources */ = {isa = PBXBuildFile; fileRef = DFD14D6A1A279324008CC5B4 /* ViewController.m */; };
		DFD14D6E1A279324008CC5B4 /* Main.storyboard in Resources */ = {isa = PBXBuildFile; fileRef = DFD14D6C1A279324008CC5B4 /* Main.storyboard */; };
		DFD14D701A279324008CC5B4 /* Images.xcassets in Resources */ = {isa = PBXBuildFile; fileRef = DFD14D6F1A279324008CC5B4 /* Images.xcassets */; };
		DFD14D731A279324008CC5B4 /* LaunchScreen.xib in Resources */ = {isa = PBXBuildFile; fileRef = DFD14D711A279324008CC5B4 /* LaunchScreen.xib */; };
		DFD14D7F1A279324008CC5B4 /* WatchKitSampleTests.m in Sources */ = {isa = PBXBuildFile; fileRef = DFD14D7E1A279324008CC5B4 /* WatchKitSampleTests.m */; };
		DFD14D8F1A279360008CC5B4 /* WatchKit.framework in Frameworks */ = {isa = PBXBuildFile; fileRef = DFD14D8E1A279360008CC5B4 /* WatchKit.framework */; };
		DFD14D951A279360008CC5B4 /* InterfaceController.m in Sources */ = {isa = PBXBuildFile; fileRef = DFD14D941A279360008CC5B4 /* InterfaceController.m */; };
		DFD14D971A279360008CC5B4 /* Images.xcassets in Resources */ = {isa = PBXBuildFile; fileRef = DFD14D961A279360008CC5B4 /* Images.xcassets */; };
		DFD14DA21A279360008CC5B4 /* Interface.storyboard in Resources */ = {isa = PBXBuildFile; fileRef = DFD14DA11A279360008CC5B4 /* Interface.storyboard */; };
		DFD14DA41A279360008CC5B4 /* Images.xcassets in Resources */ = {isa = PBXBuildFile; fileRef = DFD14DA31A279360008CC5B4 /* Images.xcassets */; };
/* End PBXBuildFile section */

/* Begin PBXContainerItemProxy section */
		DF1BA7CD1CECB604003081D1 /* PBXContainerItemProxy */ = {
			isa = PBXContainerItemProxy;
			containerPortal = DFD14D571A279323008CC5B4 /* Project object */;
			proxyType = 1;
			remoteGlobalIDString = DFD14D8B1A279360008CC5B4;
			remoteInfo = "WatchKitSample WatchKit Extension";
		};
		DF1BA7D01CECB604003081D1 /* PBXContainerItemProxy */ = {
			isa = PBXContainerItemProxy;
			containerPortal = DFD14D571A279323008CC5B4 /* Project object */;
			proxyType = 1;
			remoteGlobalIDString = DFD14D991A279360008CC5B4;
			remoteInfo = "WatchKitSample Watch App";
		};
		DFD14D791A279324008CC5B4 /* PBXContainerItemProxy */ = {
			isa = PBXContainerItemProxy;
			containerPortal = DFD14D571A279323008CC5B4 /* Project object */;
			proxyType = 1;
			remoteGlobalIDString = DFD14D5E1A279323008CC5B4;
			remoteInfo = WatchKitSample;
		};
/* End PBXContainerItemProxy section */

/* Begin PBXCopyFilesBuildPhase section */
		DF1BA7D31CECB604003081D1 /* Embed App Extensions */ = {
			isa = PBXCopyFilesBuildPhase;
			buildActionMask = 2147483647;
			dstPath = "";
			dstSubfolderSpec = 13;
			files = (
				DF1BA7CF1CECB604003081D1 /* WatchKitSample WatchKit Extension.appex in Embed App Extensions */,
			);
			name = "Embed App Extensions";
			runOnlyForDeploymentPostprocessing = 0;
		};
		DF1BA7D41CECB604003081D1 /* Embed Watch Content */ = {
			isa = PBXCopyFilesBuildPhase;
			buildActionMask = 2147483647;
			dstPath = "$(CONTENTS_FOLDER_PATH)/Watch";
			dstSubfolderSpec = 16;
			files = (
				DF1BA7D21CECB604003081D1 /* WatchKitSample Watch App.app in Embed Watch Content */,
			);
			name = "Embed Watch Content";
			runOnlyForDeploymentPostprocessing = 0;
		};
/* End PBXCopyFilesBuildPhase section */

/* Begin PBXFileReference section */
		DF9A70301A28C2A200CD3C96 /* CityRow.h */ = {isa = PBXFileReference; fileEncoding = 4; lastKnownFileType = sourcecode.c.h; path = CityRow.h; sourceTree = "<group>"; };
		DF9A70311A28C2A200CD3C96 /* CityRow.m */ = {isa = PBXFileReference; fileEncoding = 4; lastKnownFileType = sourcecode.c.objc; path = CityRow.m; sourceTree = "<group>"; };
		DF9A70331A28C2D700CD3C96 /* CityInterfaceController.h */ = {isa = PBXFileReference; fileEncoding = 4; lastKnownFileType = sourcecode.c.h; path = CityInterfaceController.h; sourceTree = "<group>"; };
		DF9A70341A28C2D700CD3C96 /* CityInterfaceController.m */ = {isa = PBXFileReference; fileEncoding = 4; lastKnownFileType = sourcecode.c.objc; path = CityInterfaceController.m; sourceTree = "<group>"; };
		DFD14D5F1A279324008CC5B4 /* WatchKitSample.app */ = {isa = PBXFileReference; explicitFileType = wrapper.application; includeInIndex = 0; path = WatchKitSample.app; sourceTree = BUILT_PRODUCTS_DIR; };
		DFD14D631A279324008CC5B4 /* Info.plist */ = {isa = PBXFileReference; lastKnownFileType = text.plist.xml; path = Info.plist; sourceTree = "<group>"; };
		DFD14D641A279324008CC5B4 /* main.m */ = {isa = PBXFileReference; lastKnownFileType = sourcecode.c.objc; path = main.m; sourceTree = "<group>"; };
		DFD14D661A279324008CC5B4 /* AppDelegate.h */ = {isa = PBXFileReference; lastKnownFileType = sourcecode.c.h; path = AppDelegate.h; sourceTree = "<group>"; };
		DFD14D671A279324008CC5B4 /* AppDelegate.m */ = {isa = PBXFileReference; lastKnownFileType = sourcecode.c.objc; path = AppDelegate.m; sourceTree = "<group>"; };
		DFD14D691A279324008CC5B4 /* ViewController.h */ = {isa = PBXFileReference; lastKnownFileType = sourcecode.c.h; path = ViewController.h; sourceTree = "<group>"; };
		DFD14D6A1A279324008CC5B4 /* ViewController.m */ = {isa = PBXFileReference; lastKnownFileType = sourcecode.c.objc; path = ViewController.m; sourceTree = "<group>"; };
		DFD14D6D1A279324008CC5B4 /* Base */ = {isa = PBXFileReference; lastKnownFileType = file.storyboard; name = Base; path = Base.lproj/Main.storyboard; sourceTree = "<group>"; };
		DFD14D6F1A279324008CC5B4 /* Images.xcassets */ = {isa = PBXFileReference; lastKnownFileType = folder.assetcatalog; path = Images.xcassets; sourceTree = "<group>"; };
		DFD14D721A279324008CC5B4 /* Base */ = {isa = PBXFileReference; lastKnownFileType = file.xib; name = Base; path = Base.lproj/LaunchScreen.xib; sourceTree = "<group>"; };
		DFD14D781A279324008CC5B4 /* WatchKitSampleTests.xctest */ = {isa = PBXFileReference; explicitFileType = wrapper.cfbundle; includeInIndex = 0; path = WatchKitSampleTests.xctest; sourceTree = BUILT_PRODUCTS_DIR; };
		DFD14D7D1A279324008CC5B4 /* Info.plist */ = {isa = PBXFileReference; lastKnownFileType = text.plist.xml; path = Info.plist; sourceTree = "<group>"; };
		DFD14D7E1A279324008CC5B4 /* WatchKitSampleTests.m */ = {isa = PBXFileReference; lastKnownFileType = sourcecode.c.objc; path = WatchKitSampleTests.m; sourceTree = "<group>"; };
		DFD14D8C1A279360008CC5B4 /* WatchKitSample WatchKit Extension.appex */ = {isa = PBXFileReference; explicitFileType = "wrapper.app-extension"; includeInIndex = 0; path = "WatchKitSample WatchKit Extension.appex"; sourceTree = BUILT_PRODUCTS_DIR; };
		DFD14D8E1A279360008CC5B4 /* WatchKit.framework */ = {isa = PBXFileReference; lastKnownFileType = wrapper.framework; name = WatchKit.framework; path = System/Library/Frameworks/WatchKit.framework; sourceTree = SDKROOT; };
		DFD14D921A279360008CC5B4 /* Info.plist */ = {isa = PBXFileReference; lastKnownFileType = text.plist.xml; path = Info.plist; sourceTree = "<group>"; };
		DFD14D931A279360008CC5B4 /* InterfaceController.h */ = {isa = PBXFileReference; lastKnownFileType = sourcecode.c.h; path = InterfaceController.h; sourceTree = "<group>"; };
		DFD14D941A279360008CC5B4 /* InterfaceController.m */ = {isa = PBXFileReference; lastKnownFileType = sourcecode.c.objc; path = InterfaceController.m; sourceTree = "<group>"; };
		DFD14D961A279360008CC5B4 /* Images.xcassets */ = {isa = PBXFileReference; lastKnownFileType = folder.assetcatalog; path = Images.xcassets; sourceTree = "<group>"; };
		DFD14D9A1A279360008CC5B4 /* WatchKitSample Watch App.app */ = {isa = PBXFileReference; explicitFileType = wrapper.application; includeInIndex = 0; path = "WatchKitSample Watch App.app"; sourceTree = BUILT_PRODUCTS_DIR; };
		DFD14DA01A279360008CC5B4 /* Info.plist */ = {isa = PBXFileReference; lastKnownFileType = text.plist.xml; path = Info.plist; sourceTree = "<group>"; };
		DFD14DA11A279360008CC5B4 /* Interface.storyboard */ = {isa = PBXFileReference; lastKnownFileType = file.storyboard; path = Interface.storyboard; sourceTree = "<group>"; };
		DFD14DA31A279360008CC5B4 /* Images.xcassets */ = {isa = PBXFileReference; lastKnownFileType = folder.assetcatalog; path = Images.xcassets; sourceTree = "<group>"; };
/* End PBXFileReference section */

/* Begin PBXFrameworksBuildPhase section */
		DFD14D5C1A279323008CC5B4 /* Frameworks */ = {
			isa = PBXFrameworksBuildPhase;
			buildActionMask = 2147483647;
			files = (
			);
			runOnlyForDeploymentPostprocessing = 0;
		};
		DFD14D751A279324008CC5B4 /* Frameworks */ = {
			isa = PBXFrameworksBuildPhase;
			buildActionMask = 2147483647;
			files = (
			);
			runOnlyForDeploymentPostprocessing = 0;
		};
		DFD14D891A279360008CC5B4 /* Frameworks */ = {
			isa = PBXFrameworksBuildPhase;
			buildActionMask = 2147483647;
			files = (
				DFD14D8F1A279360008CC5B4 /* WatchKit.framework in Frameworks */,
			);
			runOnlyForDeploymentPostprocessing = 0;
		};
/* End PBXFrameworksBuildPhase section */

/* Begin PBXGroup section */
		DFD14D561A279323008CC5B4 = {
			isa = PBXGroup;
			children = (
				DFD14D611A279324008CC5B4 /* WatchKitSample */,
				DFD14D7B1A279324008CC5B4 /* WatchKitSampleTests */,
				DFD14D901A279360008CC5B4 /* WatchKitSample WatchKit Extension */,
				DFD14D9E1A279360008CC5B4 /* WatchKitSample Watch App */,
				DFD14D8D1A279360008CC5B4 /* Frameworks */,
				DFD14D601A279324008CC5B4 /* Products */,
			);
			sourceTree = "<group>";
		};
		DFD14D601A279324008CC5B4 /* Products */ = {
			isa = PBXGroup;
			children = (
				DFD14D5F1A279324008CC5B4 /* WatchKitSample.app */,
				DFD14D781A279324008CC5B4 /* WatchKitSampleTests.xctest */,
				DFD14D8C1A279360008CC5B4 /* WatchKitSample WatchKit Extension.appex */,
				DFD14D9A1A279360008CC5B4 /* WatchKitSample Watch App.app */,
			);
			name = Products;
			sourceTree = "<group>";
		};
		DFD14D611A279324008CC5B4 /* WatchKitSample */ = {
			isa = PBXGroup;
			children = (
				DFD14D661A279324008CC5B4 /* AppDelegate.h */,
				DFD14D671A279324008CC5B4 /* AppDelegate.m */,
				DFD14D691A279324008CC5B4 /* ViewController.h */,
				DFD14D6A1A279324008CC5B4 /* ViewController.m */,
				DFD14D6C1A279324008CC5B4 /* Main.storyboard */,
				DFD14D6F1A279324008CC5B4 /* Images.xcassets */,
				DFD14D711A279324008CC5B4 /* LaunchScreen.xib */,
				DFD14D621A279324008CC5B4 /* Supporting Files */,
			);
			path = WatchKitSample;
			sourceTree = "<group>";
		};
		DFD14D621A279324008CC5B4 /* Supporting Files */ = {
			isa = PBXGroup;
			children = (
				DFD14D631A279324008CC5B4 /* Info.plist */,
				DFD14D641A279324008CC5B4 /* main.m */,
			);
			name = "Supporting Files";
			sourceTree = "<group>";
		};
		DFD14D7B1A279324008CC5B4 /* WatchKitSampleTests */ = {
			isa = PBXGroup;
			children = (
				DFD14D7E1A279324008CC5B4 /* WatchKitSampleTests.m */,
				DFD14D7C1A279324008CC5B4 /* Supporting Files */,
			);
			path = WatchKitSampleTests;
			sourceTree = "<group>";
		};
		DFD14D7C1A279324008CC5B4 /* Supporting Files */ = {
			isa = PBXGroup;
			children = (
				DFD14D7D1A279324008CC5B4 /* Info.plist */,
			);
			name = "Supporting Files";
			sourceTree = "<group>";
		};
		DFD14D8D1A279360008CC5B4 /* Frameworks */ = {
			isa = PBXGroup;
			children = (
				DFD14D8E1A279360008CC5B4 /* WatchKit.framework */,
			);
			name = Frameworks;
			sourceTree = "<group>";
		};
		DFD14D901A279360008CC5B4 /* WatchKitSample WatchKit Extension */ = {
			isa = PBXGroup;
			children = (
				DFD14D931A279360008CC5B4 /* InterfaceController.h */,
				DFD14D941A279360008CC5B4 /* InterfaceController.m */,
				DF9A70331A28C2D700CD3C96 /* CityInterfaceController.h */,
				DF9A70341A28C2D700CD3C96 /* CityInterfaceController.m */,
				DF9A70301A28C2A200CD3C96 /* CityRow.h */,
				DF9A70311A28C2A200CD3C96 /* CityRow.m */,
				DFD14D961A279360008CC5B4 /* Images.xcassets */,
				DFD14D911A279360008CC5B4 /* Supporting Files */,
			);
			path = "WatchKitSample WatchKit Extension";
			sourceTree = "<group>";
		};
		DFD14D911A279360008CC5B4 /* Supporting Files */ = {
			isa = PBXGroup;
			children = (
				DFD14D921A279360008CC5B4 /* Info.plist */,
			);
			name = "Supporting Files";
			sourceTree = "<group>";
		};
		DFD14D9E1A279360008CC5B4 /* WatchKitSample Watch App */ = {
			isa = PBXGroup;
			children = (
				DFD14DA11A279360008CC5B4 /* Interface.storyboard */,
				DFD14DA31A279360008CC5B4 /* Images.xcassets */,
				DFD14D9F1A279360008CC5B4 /* Supporting Files */,
			);
			path = "WatchKitSample Watch App";
			sourceTree = "<group>";
		};
		DFD14D9F1A279360008CC5B4 /* Supporting Files */ = {
			isa = PBXGroup;
			children = (
				DFD14DA01A279360008CC5B4 /* Info.plist */,
			);
			name = "Supporting Files";
			sourceTree = "<group>";
		};
/* End PBXGroup section */

/* Begin PBXNativeTarget section */
		DFD14D5E1A279323008CC5B4 /* WatchKitSample */ = {
			isa = PBXNativeTarget;
			buildConfigurationList = DFD14D821A279324008CC5B4 /* Build configuration list for PBXNativeTarget "WatchKitSample" */;
			buildPhases = (
				DFD14D5B1A279323008CC5B4 /* Sources */,
				DFD14D5C1A279323008CC5B4 /* Frameworks */,
				DFD14D5D1A279323008CC5B4 /* Resources */,
				DF1BA7D41CECB604003081D1 /* Embed Watch Content */,
			);
			buildRules = (
			);
			dependencies = (
				DF1BA7D11CECB604003081D1 /* PBXTargetDependency */,
			);
			name = WatchKitSample;
			productName = WatchKitSample;
			productReference = DFD14D5F1A279324008CC5B4 /* WatchKitSample.app */;
			productType = "com.apple.product-type.application";
		};
		DFD14D771A279324008CC5B4 /* WatchKitSampleTests */ = {
			isa = PBXNativeTarget;
			buildConfigurationList = DFD14D851A279324008CC5B4 /* Build configuration list for PBXNativeTarget "WatchKitSampleTests" */;
			buildPhases = (
				DFD14D741A279324008CC5B4 /* Sources */,
				DFD14D751A279324008CC5B4 /* Frameworks */,
				DFD14D761A279324008CC5B4 /* Resources */,
			);
			buildRules = (
			);
			dependencies = (
				DFD14D7A1A279324008CC5B4 /* PBXTargetDependency */,
			);
			name = WatchKitSampleTests;
			productName = WatchKitSampleTests;
			productReference = DFD14D781A279324008CC5B4 /* WatchKitSampleTests.xctest */;
			productType = "com.apple.product-type.bundle.unit-test";
		};
		DFD14D8B1A279360008CC5B4 /* WatchKitSample WatchKit Extension */ = {
			isa = PBXNativeTarget;
			buildConfigurationList = DFD14DAB1A279361008CC5B4 /* Build configuration list for PBXNativeTarget "WatchKitSample WatchKit Extension" */;
			buildPhases = (
				DFD14D881A279360008CC5B4 /* Sources */,
				DFD14D891A279360008CC5B4 /* Frameworks */,
				DFD14D8A1A279360008CC5B4 /* Resources */,
			);
			buildRules = (
			);
			dependencies = (
			);
			name = "WatchKitSample WatchKit Extension";
			productName = "WatchKitSample WatchKit Extension";
			productReference = DFD14D8C1A279360008CC5B4 /* WatchKitSample WatchKit Extension.appex */;
			productType = "com.apple.product-type.watchkit2-extension";
		};
		DFD14D991A279360008CC5B4 /* WatchKitSample Watch App */ = {
			isa = PBXNativeTarget;
			buildConfigurationList = DFD14DA81A279361008CC5B4 /* Build configuration list for PBXNativeTarget "WatchKitSample Watch App" */;
			buildPhases = (
				DFD14D981A279360008CC5B4 /* Resources */,
				DF1BA7D31CECB604003081D1 /* Embed App Extensions */,
			);
			buildRules = (
			);
			dependencies = (
				DF1BA7CE1CECB604003081D1 /* PBXTargetDependency */,
			);
			name = "WatchKitSample Watch App";
			productName = "WatchKitSample Watch App";
			productReference = DFD14D9A1A279360008CC5B4 /* WatchKitSample Watch App.app */;
			productType = "com.apple.product-type.application.watchapp2";
		};
/* End PBXNativeTarget section */

/* Begin PBXProject section */
		DFD14D571A279323008CC5B4 /* Project object */ = {
			isa = PBXProject;
			attributes = {
				LastUpgradeCheck = 0730;
				ORGANIZATIONNAME = "Juanjo Corbalan Cerezuela";
				TargetAttributes = {
					DFD14D5E1A279323008CC5B4 = {
						CreatedOnToolsVersion = 6.2;
					};
					DFD14D771A279324008CC5B4 = {
						CreatedOnToolsVersion = 6.2;
						TestTargetID = DFD14D5E1A279323008CC5B4;
					};
					DFD14D8B1A279360008CC5B4 = {
						CreatedOnToolsVersion = 6.2;
					};
					DFD14D991A279360008CC5B4 = {
						CreatedOnToolsVersion = 6.2;
					};
				};
			};
			buildConfigurationList = DFD14D5A1A279323008CC5B4 /* Build configuration list for PBXProject "WatchKitSample" */;
			compatibilityVersion = "Xcode 3.2";
			developmentRegion = English;
			hasScannedForEncodings = 0;
			knownRegions = (
				en,
				Base,
			);
			mainGroup = DFD14D561A279323008CC5B4;
			productRefGroup = DFD14D601A279324008CC5B4 /* Products */;
			projectDirPath = "";
			projectRoot = "";
			targets = (
				DFD14D5E1A279323008CC5B4 /* WatchKitSample */,
				DFD14D771A279324008CC5B4 /* WatchKitSampleTests */,
				DFD14D8B1A279360008CC5B4 /* WatchKitSample WatchKit Extension */,
				DFD14D991A279360008CC5B4 /* WatchKitSample Watch App */,
			);
		};
/* End PBXProject section */

/* Begin PBXResourcesBuildPhase section */
		DFD14D5D1A279323008CC5B4 /* Resources */ = {
			isa = PBXResourcesBuildPhase;
			buildActionMask = 2147483647;
			files = (
				DFD14D6E1A279324008CC5B4 /* Main.storyboard in Resources */,
				DFD14D731A279324008CC5B4 /* LaunchScreen.xib in Resources */,
				DFD14D701A279324008CC5B4 /* Images.xcassets in Resources */,
			);
			runOnlyForDeploymentPostprocessing = 0;
		};
		DFD14D761A279324008CC5B4 /* Resources */ = {
			isa = PBXResourcesBuildPhase;
			buildActionMask = 2147483647;
			files = (
			);
			runOnlyForDeploymentPostprocessing = 0;
		};
		DFD14D8A1A279360008CC5B4 /* Resources */ = {
			isa = PBXResourcesBuildPhase;
			buildActionMask = 2147483647;
			files = (
				DFD14D971A279360008CC5B4 /* Images.xcassets in Resources */,
			);
			runOnlyForDeploymentPostprocessing = 0;
		};
		DFD14D981A279360008CC5B4 /* Resources */ = {
			isa = PBXResourcesBuildPhase;
			buildActionMask = 2147483647;
			files = (
				DFD14DA21A279360008CC5B4 /* Interface.storyboard in Resources */,
				DFD14DA41A279360008CC5B4 /* Images.xcassets in Resources */,
			);
			runOnlyForDeploymentPostprocessing = 0;
		};
/* End PBXResourcesBuildPhase section */

/* Begin PBXSourcesBuildPhase section */
		DFD14D5B1A279323008CC5B4 /* Sources */ = {
			isa = PBXSourcesBuildPhase;
			buildActionMask = 2147483647;
			files = (
				DFD14D6B1A279324008CC5B4 /* ViewController.m in Sources */,
				DFD14D681A279324008CC5B4 /* AppDelegate.m in Sources */,
				DFD14D651A279324008CC5B4 /* main.m in Sources */,
			);
			runOnlyForDeploymentPostprocessing = 0;
		};
		DFD14D741A279324008CC5B4 /* Sources */ = {
			isa = PBXSourcesBuildPhase;
			buildActionMask = 2147483647;
			files = (
				DFD14D7F1A279324008CC5B4 /* WatchKitSampleTests.m in Sources */,
			);
			runOnlyForDeploymentPostprocessing = 0;
		};
		DFD14D881A279360008CC5B4 /* Sources */ = {
			isa = PBXSourcesBuildPhase;
			buildActionMask = 2147483647;
			files = (
				DFD14D951A279360008CC5B4 /* InterfaceController.m in Sources */,
				DF9A70321A28C2A200CD3C96 /* CityRow.m in Sources */,
				DF9A70351A28C2D700CD3C96 /* CityInterfaceController.m in Sources */,
			);
			runOnlyForDeploymentPostprocessing = 0;
		};
/* End PBXSourcesBuildPhase section */

/* Begin PBXTargetDependency section */
		DF1BA7CE1CECB604003081D1 /* PBXTargetDependency */ = {
			isa = PBXTargetDependency;
			target = DFD14D8B1A279360008CC5B4 /* WatchKitSample WatchKit Extension */;
			targetProxy = DF1BA7CD1CECB604003081D1 /* PBXContainerItemProxy */;
		};
		DF1BA7D11CECB604003081D1 /* PBXTargetDependency */ = {
			isa = PBXTargetDependency;
			target = DFD14D991A279360008CC5B4 /* WatchKitSample Watch App */;
			targetProxy = DF1BA7D01CECB604003081D1 /* PBXContainerItemProxy */;
		};
		DFD14D7A1A279324008CC5B4 /* PBXTargetDependency */ = {
			isa = PBXTargetDependency;
			target = DFD14D5E1A279323008CC5B4 /* WatchKitSample */;
			targetProxy = DFD14D791A279324008CC5B4 /* PBXContainerItemProxy */;
		};
/* End PBXTargetDependency section */

/* Begin PBXVariantGroup section */
		DFD14D6C1A279324008CC5B4 /* Main.storyboard */ = {
			isa = PBXVariantGroup;
			children = (
				DFD14D6D1A279324008CC5B4 /* Base */,
			);
			name = Main.storyboard;
			sourceTree = "<group>";
		};
		DFD14D711A279324008CC5B4 /* LaunchScreen.xib */ = {
			isa = PBXVariantGroup;
			children = (
				DFD14D721A279324008CC5B4 /* Base */,
			);
			name = LaunchScreen.xib;
			sourceTree = "<group>";
		};
/* End PBXVariantGroup section */

/* Begin XCBuildConfiguration section */
		DFD14D801A279324008CC5B4 /* Debug */ = {
			isa = XCBuildConfiguration;
			buildSettings = {
				ALWAYS_SEARCH_USER_PATHS = NO;
				CLANG_CXX_LANGUAGE_STANDARD = "gnu++0x";
				CLANG_CXX_LIBRARY = "libc++";
				CLANG_ENABLE_MODULES = YES;
				CLANG_ENABLE_OBJC_ARC = YES;
				CLANG_WARN_BOOL_CONVERSION = YES;
				CLANG_WARN_CONSTANT_CONVERSION = YES;
				CLANG_WARN_DIRECT_OBJC_ISA_USAGE = YES_ERROR;
				CLANG_WARN_EMPTY_BODY = YES;
				CLANG_WARN_ENUM_CONVERSION = YES;
				CLANG_WARN_INT_CONVERSION = YES;
				CLANG_WARN_OBJC_ROOT_CLASS = YES_ERROR;
				CLANG_WARN_UNREACHABLE_CODE = YES;
				CLANG_WARN__DUPLICATE_METHOD_MATCH = YES;
				"CODE_SIGN_IDENTITY[sdk=iphoneos*]" = "iPhone Developer";
				COPY_PHASE_STRIP = NO;
				ENABLE_STRICT_OBJC_MSGSEND = YES;
				ENABLE_TESTABILITY = YES;
				GCC_C_LANGUAGE_STANDARD = gnu99;
				GCC_DYNAMIC_NO_PIC = NO;
				GCC_OPTIMIZATION_LEVEL = 0;
				GCC_PREPROCESSOR_DEFINITIONS = (
					"DEBUG=1",
					"$(inherited)",
				);
				GCC_SYMBOLS_PRIVATE_EXTERN = NO;
				GCC_WARN_64_TO_32_BIT_CONVERSION = YES;
				GCC_WARN_ABOUT_RETURN_TYPE = YES_ERROR;
				GCC_WARN_UNDECLARED_SELECTOR = YES;
				GCC_WARN_UNINITIALIZED_AUTOS = YES_AGGRESSIVE;
				GCC_WARN_UNUSED_FUNCTION = YES;
				GCC_WARN_UNUSED_VARIABLE = YES;
				IPHONEOS_DEPLOYMENT_TARGET = 8.2;
				MTL_ENABLE_DEBUG_INFO = YES;
				ONLY_ACTIVE_ARCH = YES;
				SDKROOT = iphoneos;
			};
			name = Debug;
		};
		DFD14D811A279324008CC5B4 /* Release */ = {
			isa = XCBuildConfiguration;
			buildSettings = {
				ALWAYS_SEARCH_USER_PATHS = NO;
				CLANG_CXX_LANGUAGE_STANDARD = "gnu++0x";
				CLANG_CXX_LIBRARY = "libc++";
				CLANG_ENABLE_MODULES = YES;
				CLANG_ENABLE_OBJC_ARC = YES;
				CLANG_WARN_BOOL_CONVERSION = YES;
				CLANG_WARN_CONSTANT_CONVERSION = YES;
				CLANG_WARN_DIRECT_OBJC_ISA_USAGE = YES_ERROR;
				CLANG_WARN_EMPTY_BODY = YES;
				CLANG_WARN_ENUM_CONVERSION = YES;
				CLANG_WARN_INT_CONVERSION = YES;
				CLANG_WARN_OBJC_ROOT_CLASS = YES_ERROR;
				CLANG_WARN_UNREACHABLE_CODE = YES;
				CLANG_WARN__DUPLICATE_METHOD_MATCH = YES;
				"CODE_SIGN_IDENTITY[sdk=iphoneos*]" = "iPhone Developer";
				COPY_PHASE_STRIP = YES;
				ENABLE_NS_ASSERTIONS = NO;
				ENABLE_STRICT_OBJC_MSGSEND = YES;
				GCC_C_LANGUAGE_STANDARD = gnu99;
				GCC_WARN_64_TO_32_BIT_CONVERSION = YES;
				GCC_WARN_ABOUT_RETURN_TYPE = YES_ERROR;
				GCC_WARN_UNDECLARED_SELECTOR = YES;
				GCC_WARN_UNINITIALIZED_AUTOS = YES_AGGRESSIVE;
				GCC_WARN_UNUSED_FUNCTION = YES;
				GCC_WARN_UNUSED_VARIABLE = YES;
				IPHONEOS_DEPLOYMENT_TARGET = 8.2;
				MTL_ENABLE_DEBUG_INFO = NO;
				SDKROOT = iphoneos;
				VALIDATE_PRODUCT = YES;
			};
			name = Release;
		};
		DFD14D831A279324008CC5B4 /* Debug */ = {
			isa = XCBuildConfiguration;
			buildSettings = {
				ASSETCATALOG_COMPILER_APPICON_NAME = AppIcon;
				INFOPLIST_FILE = WatchKitSample/Info.plist;
				LD_RUNPATH_SEARCH_PATHS = "$(inherited) @executable_path/Frameworks";
				PRODUCT_BUNDLE_IDENTIFIER = "com.juanjocorbalan.$(PRODUCT_NAME:rfc1034identifier)";
				PRODUCT_NAME = "$(TARGET_NAME)";
			};
			name = Debug;
		};
		DFD14D841A279324008CC5B4 /* Release */ = {
			isa = XCBuildConfiguration;
			buildSettings = {
				ASSETCATALOG_COMPILER_APPICON_NAME = AppIcon;
				INFOPLIST_FILE = WatchKitSample/Info.plist;
				LD_RUNPATH_SEARCH_PATHS = "$(inherited) @executable_path/Frameworks";
				PRODUCT_BUNDLE_IDENTIFIER = "com.juanjocorbalan.$(PRODUCT_NAME:rfc1034identifier)";
				PRODUCT_NAME = "$(TARGET_NAME)";
			};
			name = Release;
		};
		DFD14D861A279324008CC5B4 /* Debug */ = {
			isa = XCBuildConfiguration;
			buildSettings = {
				BUNDLE_LOADER = "$(TEST_HOST)";
				FRAMEWORK_SEARCH_PATHS = (
					"$(SDKROOT)/Developer/Library/Frameworks",
					"$(inherited)",
				);
				GCC_PREPROCESSOR_DEFINITIONS = (
					"DEBUG=1",
					"$(inherited)",
				);
				INFOPLIST_FILE = WatchKitSampleTests/Info.plist;
				LD_RUNPATH_SEARCH_PATHS = "$(inherited) @executable_path/Frameworks @loader_path/Frameworks";
				PRODUCT_BUNDLE_IDENTIFIER = "com.juanjocorbalan.$(PRODUCT_NAME:rfc1034identifier)";
				PRODUCT_NAME = "$(TARGET_NAME)";
				TEST_HOST = "$(BUILT_PRODUCTS_DIR)/WatchKitSample.app/WatchKitSample";
			};
			name = Debug;
		};
		DFD14D871A279324008CC5B4 /* Release */ = {
			isa = XCBuildConfiguration;
			buildSettings = {
				BUNDLE_LOADER = "$(TEST_HOST)";
				FRAMEWORK_SEARCH_PATHS = (
					"$(SDKROOT)/Developer/Library/Frameworks",
					"$(inherited)",
				);
				INFOPLIST_FILE = WatchKitSampleTests/Info.plist;
				LD_RUNPATH_SEARCH_PATHS = "$(inherited) @executable_path/Frameworks @loader_path/Frameworks";
				PRODUCT_BUNDLE_IDENTIFIER = "com.juanjocorbalan.$(PRODUCT_NAME:rfc1034identifier)";
				PRODUCT_NAME = "$(TARGET_NAME)";
				TEST_HOST = "$(BUILT_PRODUCTS_DIR)/WatchKitSample.app/WatchKitSample";
			};
			name = Release;
		};
		DFD14DA91A279361008CC5B4 /* Debug */ = {
			isa = XCBuildConfiguration;
			buildSettings = {
				ASSETCATALOG_COMPILER_APPICON_NAME = AppIcon;
				ASSETCATALOG_COMPILER_LAUNCHIMAGE_NAME = LaunchImage;
				CODE_SIGN_IDENTITY = "iPhone Developer";
				GCC_PREPROCESSOR_DEFINITIONS = (
					"DEBUG=1",
					"$(inherited)",
				);
				IBSC_MODULE = WatchKitSample_WatchKit_Extension;
				INFOPLIST_FILE = "WatchKitSample Watch App/Info.plist";
				PRODUCT_BUNDLE_IDENTIFIER = com.juanjocorbalan.WatchKitSample.watchapp;
				PRODUCT_NAME = "$(TARGET_NAME)";
				SDKROOT = watchos;
				SKIP_INSTALL = YES;
				TARGETED_DEVICE_FAMILY = 4;
				WATCHOS_DEPLOYMENT_TARGET = 2.0;
			};
			name = Debug;
		};
		DFD14DAA1A279361008CC5B4 /* Release */ = {
			isa = XCBuildConfiguration;
			buildSettings = {
				ASSETCATALOG_COMPILER_APPICON_NAME = AppIcon;
				ASSETCATALOG_COMPILER_LAUNCHIMAGE_NAME = LaunchImage;
				CODE_SIGN_IDENTITY = "iPhone Developer";
				IBSC_MODULE = WatchKitSample_WatchKit_Extension;
				INFOPLIST_FILE = "WatchKitSample Watch App/Info.plist";
				PRODUCT_BUNDLE_IDENTIFIER = com.juanjocorbalan.WatchKitSample.watchapp;
				PRODUCT_NAME = "$(TARGET_NAME)";
				SDKROOT = watchos;
				SKIP_INSTALL = YES;
				TARGETED_DEVICE_FAMILY = 4;
				WATCHOS_DEPLOYMENT_TARGET = 2.0;
			};
			name = Release;
		};
		DFD14DAC1A279361008CC5B4 /* Debug */ = {
			isa = XCBuildConfiguration;
			buildSettings = {
				GCC_PREPROCESSOR_DEFINITIONS = (
					"DEBUG=1",
					"$(inherited)",
				);
				INFOPLIST_FILE = "WatchKitSample WatchKit Extension/Info.plist";
				LD_RUNPATH_SEARCH_PATHS = "$(inherited) @executable_path/Frameworks @executable_path/../../Frameworks";
				PRODUCT_BUNDLE_IDENTIFIER = com.juanjocorbalan.WatchKitSample.watchapp.watchkitextension;
				PRODUCT_NAME = "${TARGET_NAME}";
				SDKROOT = watchos;
				SKIP_INSTALL = YES;
				TARGETED_DEVICE_FAMILY = 4;
				WATCHOS_DEPLOYMENT_TARGET = 2.0;
			};
			name = Debug;
		};
		DFD14DAD1A279361008CC5B4 /* Release */ = {
			isa = XCBuildConfiguration;
			buildSettings = {
				INFOPLIST_FILE = "WatchKitSample WatchKit Extension/Info.plist";
				LD_RUNPATH_SEARCH_PATHS = "$(inherited) @executable_path/Frameworks @executable_path/../../Frameworks";
				PRODUCT_BUNDLE_IDENTIFIER = com.juanjocorbalan.WatchKitSample.watchapp.watchkitextension;
				PRODUCT_NAME = "${TARGET_NAME}";
				SDKROOT = watchos;
				SKIP_INSTALL = YES;
				TARGETED_DEVICE_FAMILY = 4;
				WATCHOS_DEPLOYMENT_TARGET = 2.0;
			};
			name = Release;
		};
/* End XCBuildConfiguration section */

/* Begin XCConfigurationList section */
		DFD14D5A1A279323008CC5B4 /* Build configuration list for PBXProject "WatchKitSample" */ = {
			isa = XCConfigurationList;
			buildConfigurations = (
				DFD14D801A279324008CC5B4 /* Debug */,
				DFD14D811A279324008CC5B4 /* Release */,
			);
			defaultConfigurationIsVisible = 0;
			defaultConfigurationName = Release;
		};
		DFD14D821A279324008CC5B4 /* Build configuration list for PBXNativeTarget "WatchKitSample" */ = {
			isa = XCConfigurationList;
			buildConfigurations = (
				DFD14D831A279324008CC5B4 /* Debug */,
				DFD14D841A279324008CC5B4 /* Release */,
			);
			defaultConfigurationIsVisible = 0;
			defaultConfigurationName = Release;
		};
		DFD14D851A279324008CC5B4 /* Build configuration list for PBXNativeTarget "WatchKitSampleTests" */ = {
			isa = XCConfigurationList;
			buildConfigurations = (
				DFD14D861A279324008CC5B4 /* Debug */,
				DFD14D871A279324008CC5B4 /* Release */,
			);
			defaultConfigurationIsVisible = 0;
			defaultConfigurationName = Release;
		};
		DFD14DA81A279361008CC5B4 /* Build configuration list for PBXNativeTarget "WatchKitSample Watch App" */ = {
			isa = XCConfigurationList;
			buildConfigurations = (
				DFD14DA91A279361008CC5B4 /* Debug */,
				DFD14DAA1A279361008CC5B4 /* Release */,
			);
			defaultConfigurationIsVisible = 0;
			defaultConfigurationName = Release;
		};
		DFD14DAB1A279361008CC5B4 /* Build configuration list for PBXNativeTarget "WatchKitSample WatchKit Extension" */ = {
			isa = XCConfigurationList;
			buildConfigurations = (
				DFD14DAC1A279361008CC5B4 /* Debug */,
				DFD14DAD1A279361008CC5B4 /* Release */,
			);
			defaultConfigurationIsVisible = 0;
			defaultConfigurationName = Release;
		};
/* End XCConfigurationList section */
	};
	rootObject = DFD14D571A279323008CC5B4 /* Project object */;
}
